{
    "_meta": {
        "hash": {
            "sha256": "76c9396814170c00d04962223bc653876ca4a13607147cdda4b04cf9b1505464"
        },
        "pipfile-spec": 6,
        "requires": {
            "python_version": "3.8"
        },
        "sources": [
            {
                "name": "pip_conf_index_global",
                "url": "https://pypi.mirrors.ustc.edu.cn/simple/",
                "verify_ssl": true
            }
        ]
    },
    "default": {},
    "develop": {}
}
